github.com/imfing/hextra v0.5.1 h1:/IUv+wfYUjxwj3VolVgDFYY0NjuuRP3Hlx6B8ckOAYg=
github.com/imfing/hextra v0.5.1/go.mod h1:cEfel3lU/bSx7lTE/+uuR4GJaphyOyiwNR3PTqFTXpI=
github.com/imfing/hextra v0.6.5 h1:1hRZsZp6J/dum0VEUH4gHP9Zi5sPMtyAaRuxMt1HuiM=
github.com/imfing/hextra v0.6.5/go.mod h1:cEfel3lU/bSx7lTE/+uuR4GJaphyOyiwNR3PTqFTXpI=
